lockfileVersion: '9.0'

settings:
  autoInstallPeers: true
  excludeLinksFromLockfile: false

importers:

  .:
    dependencies:
      '@sanity/client':
        specifier: 7.9.0
        version: 7.9.0
      '@sanity/image-url':
        specifier: 1.1.0
        version: 1.1.0
      '@sveltejs/kit':
        specifier: 2.36.2
        version: 2.36.2(@sveltejs/vite-plugin-svelte@6.1.3(svelte@5.38.3)(vite@7.1.3(@types/node@24.3.0)(jiti@2.5.1)(yaml@2.8.1)))(svelte@5.38.3)(vite@7.1.3(@types/node@24.3.0)(jiti@2.5.1)(yaml@2.8.1))
      nodemailer:
        specifier: ^7.0.11
        version: 7.0.11
      svelte-meta-tags:
        specifier: 4.5.0
        version: 4.5.0(svelte@5.38.3)
      vite:
        specifier: 7.1.3
        version: 7.1.3(@types/node@24.3.0)(jiti@2.5.1)(yaml@2.8.1)
    devDependencies:
      '@sveltejs/adapter-vercel':
        specifier: 5.10.2
        version: 5.10.2(@sveltejs/kit@2.36.2(@sveltejs/vite-plugin-svelte@6.1.3(svelte@5.38.3)(vite@7.1.3(@types/node@24.3.0)(jiti@2.5.1)(yaml@2.8.1)))(svelte@5.38.3)(vite@7.1.3(@types/node@24.3.0)(jiti@2.5.1)(yaml@2.8.1)))(rollup@4.48.0)
      svelte:
        specifier: 5.38.3
        version: 5.38.3

packages:

  '@esbuild/aix-ppc64@0.25.9':
    resolution: {integrity: sha512-OaGtL73Jck6pBKjNIe24BnFE6agGl+6KxDtTfHhy1HmhthfKouEcOhqpSL64K4/0WCtbKFLOdzD/44cJ4k9opA==}
    engines: {node: '>=18'}
    cpu: [ppc64]
    os: [aix]

  '@esbuild/android-arm64@0.25.9':
    resolution: {integrity: sha512-IDrddSmpSv51ftWslJMvl3Q2ZT98fUSL2/rlUXuVqRXHCs5EUF1/f+jbjF5+NG9UffUDMCiTyh8iec7u8RlTLg==}
    engines: {node: '>=18'}
    cpu: [arm64]
    os: [android]

  '@esbuild/android-arm@0.25.9':
    resolution: {integrity: sha512-5WNI1DaMtxQ7t7B6xa572XMXpHAaI/9Hnhk8lcxF4zVN4xstUgTlvuGDorBguKEnZO70qwEcLpfifMLoxiPqHQ==}
    engines: {node: '>=18'}
    cpu: [arm]
    os: [android]

  '@esbuild/android-x64@0.25.9':
    resolution: {integrity: sha512-I853iMZ1hWZdNllhVZKm34f4wErd4lMyeV7BLzEExGEIZYsOzqDWDf+y082izYUE8gtJnYHdeDpN/6tUdwvfiw==}
    engines: {node: '>=18'}
    cpu: [x64]
    os: [android]

  '@esbuild/darwin-arm64@0.25.9':
    resolution: {integrity: sha512-XIpIDMAjOELi/9PB30vEbVMs3GV1v2zkkPnuyRRURbhqjyzIINwj+nbQATh4H9GxUgH1kFsEyQMxwiLFKUS6Rg==}
    engines: {node: '>=18'}
    cpu: [arm64]
    os: [darwin]

  '@esbuild/darwin-x64@0.25.9':
    resolution: {integrity: sha512-jhHfBzjYTA1IQu8VyrjCX4ApJDnH+ez+IYVEoJHeqJm9VhG9Dh2BYaJritkYK3vMaXrf7Ogr/0MQ8/MeIefsPQ==}
    engines: {node: '>=18'}
    cpu: [x64]
    os: [darwin]

  '@esbuild/freebsd-arm64@0.25.9':
    resolution: {integrity: sha512-z93DmbnY6fX9+KdD4Ue/H6sYs+bhFQJNCPZsi4XWJoYblUqT06MQUdBCpcSfuiN72AbqeBFu5LVQTjfXDE2A6Q==}
    engines: {node: '>=18'}
    cpu: [arm64]
    os: [freebsd]

  '@esbuild/freebsd-x64@0.25.9':
    resolution: {integrity: sha512-mrKX6H/vOyo5v71YfXWJxLVxgy1kyt1MQaD8wZJgJfG4gq4DpQGpgTB74e5yBeQdyMTbgxp0YtNj7NuHN0PoZg==}
    engines: {node: '>=18'}
    cpu: [x64]
    os: [freebsd]

  '@esbuild/linux-arm64@0.25.9':
    resolution: {integrity: sha512-BlB7bIcLT3G26urh5Dmse7fiLmLXnRlopw4s8DalgZ8ef79Jj4aUcYbk90g8iCa2467HX8SAIidbL7gsqXHdRw==}
    engines: {node: '>=18'}
    cpu: [arm64]
    os: [linux]

  '@esbuild/linux-arm@0.25.9':
    resolution: {integrity: sha512-HBU2Xv78SMgaydBmdor38lg8YDnFKSARg1Q6AT0/y2ezUAKiZvc211RDFHlEZRFNRVhcMamiToo7bDx3VEOYQw==}
    engines: {node: '>=18'}
    cpu: [arm]
    os: [linux]

  '@esbuild/linux-ia32@0.25.9':
    resolution: {integrity: sha512-e7S3MOJPZGp2QW6AK6+Ly81rC7oOSerQ+P8L0ta4FhVi+/j/v2yZzx5CqqDaWjtPFfYz21Vi1S0auHrap3Ma3A==}
    engines: {node: '>=18'}
    cpu: [ia32]
    os: [linux]

  '@esbuild/linux-loong64@0.25.9':
    resolution: {integrity: sha512-Sbe10Bnn0oUAB2AalYztvGcK+o6YFFA/9829PhOCUS9vkJElXGdphz0A3DbMdP8gmKkqPmPcMJmJOrI3VYB1JQ==}
    engines: {node: '>=18'}
    cpu: [loong64]
    os: [linux]

  '@esbuild/linux-mips64el@0.25.9':
    resolution: {integrity: sha512-YcM5br0mVyZw2jcQeLIkhWtKPeVfAerES5PvOzaDxVtIyZ2NUBZKNLjC5z3/fUlDgT6w89VsxP2qzNipOaaDyA==}
    engines: {node: '>=18'}
    cpu: [mips64el]
    os: [linux]

  '@esbuild/linux-ppc64@0.25.9':
    resolution: {integrity: sha512-++0HQvasdo20JytyDpFvQtNrEsAgNG2CY1CLMwGXfFTKGBGQT3bOeLSYE2l1fYdvML5KUuwn9Z8L1EWe2tzs1w==}
    engines: {node: '>=18'}
    cpu: [ppc64]
    os: [linux]

  '@esbuild/linux-riscv64@0.25.9':
    resolution: {integrity: sha512-uNIBa279Y3fkjV+2cUjx36xkx7eSjb8IvnL01eXUKXez/CBHNRw5ekCGMPM0BcmqBxBcdgUWuUXmVWwm4CH9kg==}
    engines: {node: '>=18'}
    cpu: [riscv64]
    os: [linux]

  '@esbuild/linux-s390x@0.25.9':
    resolution: {integrity: sha512-Mfiphvp3MjC/lctb+7D287Xw1DGzqJPb/J2aHHcHxflUo+8tmN/6d4k6I2yFR7BVo5/g7x2Monq4+Yew0EHRIA==}
    engines: {node: '>=18'}
    cpu: [s390x]
    os: [linux]

  '@esbuild/linux-x64@0.25.9':
    resolution: {integrity: sha512-iSwByxzRe48YVkmpbgoxVzn76BXjlYFXC7NvLYq+b+kDjyyk30J0JY47DIn8z1MO3K0oSl9fZoRmZPQI4Hklzg==}
    engines: {node: '>=18'}
    cpu: [x64]
    os: [linux]

  '@esbuild/netbsd-arm64@0.25.9':
    resolution: {integrity: sha512-9jNJl6FqaUG+COdQMjSCGW4QiMHH88xWbvZ+kRVblZsWrkXlABuGdFJ1E9L7HK+T0Yqd4akKNa/lO0+jDxQD4Q==}
    engines: {node: '>=18'}
    cpu: [arm64]
    os: [netbsd]

  '@esbuild/netbsd-x64@0.25.9':
    resolution: {integrity: sha512-RLLdkflmqRG8KanPGOU7Rpg829ZHu8nFy5Pqdi9U01VYtG9Y0zOG6Vr2z4/S+/3zIyOxiK6cCeYNWOFR9QP87g==}
    engines: {node: '>=18'}
    cpu: [x64]
    os: [netbsd]

  '@esbuild/openbsd-arm64@0.25.9':
    resolution: {integrity: sha512-YaFBlPGeDasft5IIM+CQAhJAqS3St3nJzDEgsgFixcfZeyGPCd6eJBWzke5piZuZ7CtL656eOSYKk4Ls2C0FRQ==}
    engines: {node: '>=18'}
    cpu: [arm64]
    os: [openbsd]

  '@esbuild/openbsd-x64@0.25.9':
    resolution: {integrity: sha512-1MkgTCuvMGWuqVtAvkpkXFmtL8XhWy+j4jaSO2wxfJtilVCi0ZE37b8uOdMItIHz4I6z1bWWtEX4CJwcKYLcuA==}
    engines: {node: '>=18'}
    cpu: [x64]
    os: [openbsd]

  '@esbuild/openharmony-arm64@0.25.9':
    resolution: {integrity: sha512-4Xd0xNiMVXKh6Fa7HEJQbrpP3m3DDn43jKxMjxLLRjWnRsfxjORYJlXPO4JNcXtOyfajXorRKY9NkOpTHptErg==}
    engines: {node: '>=18'}
    cpu: [arm64]
    os: [openharmony]

  '@esbuild/sunos-x64@0.25.9':
    resolution: {integrity: sha512-WjH4s6hzo00nNezhp3wFIAfmGZ8U7KtrJNlFMRKxiI9mxEK1scOMAaa9i4crUtu+tBr+0IN6JCuAcSBJZfnphw==}
    engines: {node: '>=18'}
    cpu: [x64]
    os: [sunos]

  '@esbuild/win32-arm64@0.25.9':
    resolution: {integrity: sha512-mGFrVJHmZiRqmP8xFOc6b84/7xa5y5YvR1x8djzXpJBSv/UsNK6aqec+6JDjConTgvvQefdGhFDAs2DLAds6gQ==}
    engines: {node: '>=18'}
    cpu: [arm64]
    os: [win32]

  '@esbuild/win32-ia32@0.25.9':
    resolution: {integrity: sha512-b33gLVU2k11nVx1OhX3C8QQP6UHQK4ZtN56oFWvVXvz2VkDoe6fbG8TOgHFxEvqeqohmRnIHe5A1+HADk4OQww==}
    engines: {node: '>=18'}
    cpu: [ia32]
    os: [win32]

  '@esbuild/win32-x64@0.25.9':
    resolution: {integrity: sha512-PPOl1mi6lpLNQxnGoyAfschAodRFYXJ+9fs6WHXz7CSWKbOqiMZsubC+BQsVKuul+3vKLuwTHsS2c2y9EoKwxQ==}
    engines: {node: '>=18'}
    cpu: [x64]
    os: [win32]

  '@isaacs/cliui@8.0.2':
    resolution: {integrity: sha512-O8jcjabXaleOG9DQ0+ARXWZBTfnP4WNAqzuiJK7ll44AmxGKv/J2M4TPjxjY3znBCfvBXFzucm1twdyFybFqEA==}
    engines: {node: '>=12'}

  '@isaacs/fs-minipass@4.0.1':
    resolution: {integrity: sha512-wgm9Ehl2jpeqP3zw/7mo3kRHFp5MEDhqAdwy1fTGkHAwnkGOVsgpvQhL8B5n1qlb01jV3n/bI0ZfZp5lWA1k4w==}
    engines: {node: '>=18.0.0'}

  '@jridgewell/gen-mapping@0.3.13':
    resolution: {integrity: sha512-2kkt/7niJ6MgEPxF0bYdQ6etZaA+fQvDcLKckhy1yIQOzaoKjBBjSj63/aLVjYE3qhRt5dvM+uUyfCg6UKCBbA==}

  '@jridgewell/remapping@2.3.5':
    resolution: {integrity: sha512-LI9u/+laYG4Ds1TDKSJW2YPrIlcVYOwi2fUC6xB43lueCjgxV4lffOCZCtYFiH6TNOX+tQKXx97T4IKHbhyHEQ==}

  '@jridgewell/resolve-uri@3.1.2':
    resolution: {integrity: sha512-bRISgCIjP20/tbWSPWMEi54QVPRZExkuD9lJL+UIxUKtwVJA8wW1Trb1jMs1RFXo1CBTNZ/5hpC9QvmKWdopKw==}
    engines: {node: '>=6.0.0'}

  '@jridgewell/sourcemap-codec@1.5.5':
    resolution: {integrity: sha512-cYQ9310grqxueWbl+WuIUIaiUaDcj7WOq5fVhEljNVgRfOUhY9fy2zTvfoqWsnebh8Sl70VScFbICvJnLKB0Og==}

  '@jridgewell/trace-mapping@0.3.30':
    resolution: {integrity: sha512-GQ7Nw5G2lTu/BtHTKfXhKHok2WGetd4XYcVKGx00SjAk8GMwgJM3zr6zORiPGuOE+/vkc90KtTosSSvaCjKb2Q==}

  '@mapbox/node-pre-gyp@2.0.0':
    resolution: {integrity: sha512-llMXd39jtP0HpQLVI37Bf1m2ADlEb35GYSh1SDSLsBhR+5iCxiNGlT31yqbNtVHygHAtMy6dWFERpU2JgufhPg==}
    engines: {node: '>=18'}
    hasBin: true

  '@pkgjs/parseargs@0.11.0':
    resolution: {integrity: sha512-+1VkjdD0QBLPodGrJUeqarH8VAIvQODIbwh9XpP5Syisf7YoQgsJKPNFoqqLQlu+VQ/tVSshMR6loPMn8U+dPg==}
    engines: {node: '>=14'}

  '@polka/url@1.0.0-next.29':
    resolution: {integrity: sha512-wwQAWhWSuHaag8c4q/KN/vCoeOJYshAIvMQwD4GpSb3OiZklFfvAgmj0VCBBImRpuF/aFgIRzllXlVX93Jevww==}

  '@rollup/pluginutils@5.3.0':
    resolution: {integrity: sha512-5EdhGZtnu3V88ces7s53hhfK5KSASnJZv8Lulpc04cWO3REESroJXg73DFsOmgbU2BhwV0E20bu2IDZb3VKW4Q==}
    engines: {node: '>=14.0.0'}
    peerDependencies:
      rollup: ^1.20.0||^2.0.0||^3.0.0||^4.0.0
    peerDependenciesMeta:
      rollup:
        optional: true

  '@rollup/rollup-android-arm-eabi@4.48.0':
    resolution: {integrity: sha512-aVzKH922ogVAWkKiyKXorjYymz2084zrhrZRXtLrA5eEx5SO8Dj0c/4FpCHZyn7MKzhW2pW4tK28vVr+5oQ2xw==}
    cpu: [arm]
    os: [android]

  '@rollup/rollup-android-arm64@4.48.0':
    resolution: {integrity: sha512-diOdQuw43xTa1RddAFbhIA8toirSzFMcnIg8kvlzRbK26xqEnKJ/vqQnghTAajy2Dcy42v+GMPMo6jq67od+Dw==}
    cpu: [arm64]
    os: [android]

  '@rollup/rollup-darwin-arm64@4.48.0':
    resolution: {integrity: sha512-QhR2KA18fPlJWFefySJPDYZELaVqIUVnYgAOdtJ+B/uH96CFg2l1TQpX19XpUMWUqMyIiyY45wje8K6F4w4/CA==}
    cpu: [arm64]
    os: [darwin]

  '@rollup/rollup-darwin-x64@4.48.0':
    resolution: {integrity: sha512-Q9RMXnQVJ5S1SYpNSTwXDpoQLgJ/fbInWOyjbCnnqTElEyeNvLAB3QvG5xmMQMhFN74bB5ZZJYkKaFPcOG8sGg==}
    cpu: [x64]
    os: [darwin]

  '@rollup/rollup-freebsd-arm64@4.48.0':
    resolution: {integrity: sha512-3jzOhHWM8O8PSfyft+ghXZfBkZawQA0PUGtadKYxFqpcYlOYjTi06WsnYBsbMHLawr+4uWirLlbhcYLHDXR16w==}
    cpu: [arm64]
    os: [freebsd]

  '@rollup/rollup-freebsd-x64@4.48.0':
    resolution: {integrity: sha512-NcD5uVUmE73C/TPJqf78hInZmiSBsDpz3iD5MF/BuB+qzm4ooF2S1HfeTChj5K4AV3y19FFPgxonsxiEpy8v/A==}
    cpu: [x64]
    os: [freebsd]

  '@rollup/rollup-linux-arm-gnueabihf@4.48.0':
    resolution: {integrity: sha512-JWnrj8qZgLWRNHr7NbpdnrQ8kcg09EBBq8jVOjmtlB3c8C6IrynAJSMhMVGME4YfTJzIkJqvSUSVJRqkDnu/aA==}
    cpu: [arm]
    os: [linux]

  '@rollup/rollup-linux-arm-musleabihf@4.48.0':
    resolution: {integrity: sha512-9xu92F0TxuMH0tD6tG3+GtngwdgSf8Bnz+YcsPG91/r5Vgh5LNofO48jV55priA95p3c92FLmPM7CvsVlnSbGQ==}
    cpu: [arm]
    os: [linux]

  '@rollup/rollup-linux-arm64-gnu@4.48.0':
    resolution: {integrity: sha512-NLtvJB5YpWn7jlp1rJiY0s+G1Z1IVmkDuiywiqUhh96MIraC0n7XQc2SZ1CZz14shqkM+XN2UrfIo7JB6UufOA==}
    cpu: [arm64]
    os: [linux]

  '@rollup/rollup-linux-arm64-musl@4.48.0':
    resolution: {integrity: sha512-QJ4hCOnz2SXgCh+HmpvZkM+0NSGcZACyYS8DGbWn2PbmA0e5xUk4bIP8eqJyNXLtyB4gZ3/XyvKtQ1IFH671vQ==}
    cpu: [arm64]
    os: [linux]

  '@rollup/rollup-linux-loongarch64-gnu@4.48.0':
    resolution: {integrity: sha512-Pk0qlGJnhILdIC5zSKQnprFjrGmjfDM7TPZ0FKJxRkoo+kgMRAg4ps1VlTZf8u2vohSicLg7NP+cA5qE96PaFg==}
    cpu: [loong64]
    os: [linux]

  '@rollup/rollup-linux-ppc64-gnu@4.48.0':
    resolution: {integrity: sha512-/dNFc6rTpoOzgp5GKoYjT6uLo8okR/Chi2ECOmCZiS4oqh3mc95pThWma7Bgyk6/WTEvjDINpiBCuecPLOgBLQ==}
    cpu: [ppc64]
    os: [linux]

  '@rollup/rollup-linux-riscv64-gnu@4.48.0':
    resolution: {integrity: sha512-YBwXsvsFI8CVA4ej+bJF2d9uAeIiSkqKSPQNn0Wyh4eMDY4wxuSp71BauPjQNCKK2tD2/ksJ7uhJ8X/PVY9bHQ==}
    cpu: [riscv64]
    os: [linux]

  '@rollup/rollup-linux-riscv64-musl@4.48.0':
    resolution: {integrity: sha512-FI3Rr2aGAtl1aHzbkBIamsQyuauYtTF9SDUJ8n2wMXuuxwchC3QkumZa1TEXYIv/1AUp1a25Kwy6ONArvnyeVQ==}
    cpu: [riscv64]
    os: [linux]

  '@rollup/rollup-linux-s390x-gnu@4.48.0':
    resolution: {integrity: sha512-Dx7qH0/rvNNFmCcIRe1pyQ9/H0XO4v/f0SDoafwRYwc2J7bJZ5N4CHL/cdjamISZ5Cgnon6iazAVRFlxSoHQnQ==}
    cpu: [s390x]
    os: [linux]

  '@rollup/rollup-linux-x64-gnu@4.48.0':
    resolution: {integrity: sha512-GUdZKTeKBq9WmEBzvFYuC88yk26vT66lQV8D5+9TgkfbewhLaTHRNATyzpQwwbHIfJvDJ3N9WJ90wK/uR3cy3Q==}
    cpu: [x64]
    os: [linux]

  '@rollup/rollup-linux-x64-musl@4.48.0':
    resolution: {integrity: sha512-ao58Adz/v14MWpQgYAb4a4h3fdw73DrDGtaiF7Opds5wNyEQwtO6M9dBh89nke0yoZzzaegq6J/EXs7eBebG8A==}
    cpu: [x64]
    os: [linux]

  '@rollup/rollup-win32-arm64-msvc@4.48.0':
    resolution: {integrity: sha512-kpFno46bHtjZVdRIOxqaGeiABiToo2J+st7Yce+aiAoo1H0xPi2keyQIP04n2JjDVuxBN6bSz9R6RdTK5hIppw==}
    cpu: [arm64]
    os: [win32]

  '@rollup/rollup-win32-ia32-msvc@4.48.0':
    resolution: {integrity: sha512-rFYrk4lLk9YUTIeihnQMiwMr6gDhGGSbWThPEDfBoU/HdAtOzPXeexKi7yU8jO+LWRKnmqPN9NviHQf6GDwBcQ==}
    cpu: [ia32]
    os: [win32]

  '@rollup/rollup-win32-x64-msvc@4.48.0':
    resolution: {integrity: sha512-sq0hHLTgdtwOPDB5SJOuaoHyiP1qSwg+71TQWk8iDS04bW1wIE0oQ6otPiRj2ZvLYNASLMaTp8QRGUVZ+5OL5A==}
    cpu: [x64]
    os: [win32]

  '@sanity/client@7.9.0':
    dependencies:
      '@sanity/eventsource': 5.0.2
      get-it: 8.6.10
      nanoid: 3.3.11
      rxjs: 7.8.2
    transitivePeerDependencies:
      - debug

  '@sanity/eventsource@5.0.2':
    dependencies:
      '@types/event-source-polyfill': 1.0.5
      '@types/eventsource': 1.1.15
      event-source-polyfill: 1.0.31
      eventsource: 2.0.2

  '@sanity/image-url@1.1.0': {}

  '@standard-schema/spec@1.0.0': {}

  '@sveltejs/acorn-typescript@1.0.5(acorn@8.15.0)':
    dependencies:
      acorn: 8.15.0

  '@sveltejs/adapter-vercel@5.10.2(@sveltejs/kit@2.36.2(@sveltejs/vite-plugin-svelte@6.1.3(svelte@5.38.3)(vite@7.1.3(@types/node@24.3.0)(jiti@2.5.1)(yaml@2.8.1)))(svelte@5.38.3)(vite@7.1.3(@types/node@24.3.0)(jiti@2.5.1)(yaml@2.8.1)))(rollup@4.48.0)':
    dependencies:
      '@sveltejs/kit': 2.36.2(@sveltejs/vite-plugin-svelte@6.1.3(svelte@5.38.3)(vite@7.1.3(@types/node@24.3.0)(jiti@2.5.1)(yaml@2.8.1)))(svelte@5.38.3)(vite@7.1.3(@types/node@24.3.0)(jiti@2.5.1)(yaml@2.8.1))
      '@vercel/nft': 0.30.1(rollup@4.48.0)
      esbuild: 0.25.9
    transitivePeerDependencies:
      - encoding
      - rollup
      - supports-color

  '@sveltejs/kit@2.36.2(@sveltejs/vite-plugin-svelte@6.1.3(svelte@5.38.3)(vite@7.1.3(@types/node@24.3.0)(jiti@2.5.1)(yaml@2.8.1)))(svelte@5.38.3)(vite@7.1.3(@types/node@24.3.0)(jiti@2.5.1)(yaml@2.8.1))':
    dependencies:
      '@standard-schema/spec': 1.0.0
      '@sveltejs/acorn-typescript': 1.0.5(acorn@8.15.0)
      '@sveltejs/vite-plugin-svelte': 6.1.3(svelte@5.38.3)(vite@7.1.3(@types/node@24.3.0)(jiti@2.5.1)(yaml@2.8.1))
      '@types/cookie': 0.6.0
      acorn: 8.15.0
      cookie: 0.6.0
      devalue: 5.1.1
      esm-env: 1.2.2
      kleur: 4.1.5
      magic-string: 0.30.18
      mrmime: 2.0.1
      sade: 1.8.1
      set-cookie-parser: 2.7.1
      sirv: 3.0.1
      svelte: 5.38.3
      vite: 7.1.3(@types/node@24.3.0)(jiti@2.5.1)(yaml@2.8.1)

  '@sveltejs/vite-plugin-svelte-inspector@5.0.1(@sveltejs/vite-plugin-svelte@6.1.3(svelte@5.38.3)(vite@7.1.3(@types/node@24.3.0)(jiti@2.5.1)(yaml@2.8.1)))(svelte@5.38.3)(vite@7.1.3(@types/node@24.3.0)(jiti@2.5.1)(yaml@2.8.1))':
    dependencies:
      '@sveltejs/vite-plugin-svelte': 6.1.3(svelte@5.38.3)(vite@7.1.3(@types/node@24.3.0)(jiti@2.5.1)(yaml@2.8.1))
      debug: 4.4.1
      svelte: 5.38.3
      vite: 7.1.3(@types/node@24.3.0)(jiti@2.5.1)(yaml@2.8.1)
    transitivePeerDependencies:
      - supports-color

  '@sveltejs/vite-plugin-svelte@6.1.3(svelte@5.38.3)(vite@7.1.3(@types/node@24.3.0)(jiti@2.5.1)(yaml@2.8.1))':
    dependencies:
      '@sveltejs/vite-plugin-svelte-inspector': 5.0.1(@sveltejs/vite-plugin-svelte@6.1.3(svelte@5.38.3)(vite@7.1.3(@types/node@24.3.0)(jiti@2.5.1)(yaml@2.8.1)))(svelte@5.38.3)(vite@7.1.3(@types/node@24.3.0)(jiti@2.5.1)(yaml@2.8.1))
      debug: 4.4.1
      deepmerge: 4.3.1
      kleur: 4.1.5
      magic-string: 0.30.18
      svelte: 5.38.3
      vite: 7.1.3(@types/node@24.3.0)(jiti@2.5.1)(yaml@2.8.1)
      vitefu: 1.1.1(vite@7.1.3(@types/node@24.3.0)(jiti@2.5.1)(yaml@2.8.1))
    transitivePeerDependencies:
      - supports-color

  '@types/cookie@0.6.0': {}

  '@types/estree@1.0.8': {}

  '@types/event-source-polyfill@1.0.5': {}

  '@types/eventsource@1.1.15': {}

  '@types/follow-redirects@1.14.4':
    dependencies:
      '@types/node': 24.3.0

  '@types/node@24.3.0':
    dependencies:
      undici-types: 7.10.0

  '@vercel/nft@0.30.1(rollup@4.48.0)':
    dependencies:
      '@mapbox/node-pre-gyp': 2.0.0
      '@rollup/pluginutils': 5.3.0(rollup@4.48.0)
      acorn: 8.15.0
      acorn-import-attributes: 1.9.5(acorn@8.15.0)
      async-sema: 3.1.1
      bindings: 1.5.0
      estree-walker: 2.0.2
      glob: 10.4.5
      graceful-fs: 4.2.11
      node-gyp-build: 4.8.4
      picomatch: 4.0.3
      resolve-from: 5.0.0
    transitivePeerDependencies:
      - encoding
      - rollup
      - supports-color

  abbrev@3.0.1: {}

  acorn-import-attributes@1.9.5(acorn@8.15.0):
    dependencies:
      acorn: 8.15.0

  acorn@8.15.0: {}

  agent-base@7.1.4: {}

  ansi-regex@5.0.1: {}

  ansi-regex@6.2.2: {}

  ansi-styles@4.3.0:
    dependencies:
      color-convert: 2.0.1

  ansi-styles@6.2.3: {}

  aria-query@5.3.2: {}

  async-sema@3.1.1: {}

  axobject-query@4.1.0: {}

  balanced-match@1.0.2: {}

  bindings@1.5.0:
    dependencies:
      file-uri-to-path: 1.0.0

  brace-expansion@2.0.2:
    dependencies:
      balanced-match: 1.0.2

  chownr@3.0.0: {}

  clsx@2.1.1: {}

  color-convert@2.0.1:
    dependencies:
      color-name: 1.1.4

  color-name@1.1.4: {}

  consola@3.4.2: {}

  cookie@0.6.0: {}

  cross-spawn@7.0.6:
    dependencies:
      path-key: 3.1.1
      shebang-command: 2.0.0
      which: 2.0.2

  debug@4.4.1:
    dependencies:
      ms: 2.1.3

  decompress-response@7.0.0:
    dependencies:
      mimic-response: 3.1.0

  deepmerge@4.3.1: {}

  detect-libc@2.1.0: {}

  devalue@5.1.1: {}

  eastasianwidth@0.2.0: {}

  emoji-regex@8.0.0: {}

  emoji-regex@9.2.2: {}

  esbuild@0.25.9:
    optionalDependencies:
      '@esbuild/aix-ppc64': 0.25.9
      '@esbuild/android-arm': 0.25.9
      '@esbuild/android-arm64': 0.25.9
      '@esbuild/android-x64': 0.25.9
      '@esbuild/darwin-arm64': 0.25.9
      '@esbuild/darwin-x64': 0.25.9
      '@esbuild/freebsd-arm64': 0.25.9
      '@esbuild/freebsd-x64': 0.25.9
      '@esbuild/linux-arm': 0.25.9
      '@esbuild/linux-arm64': 0.25.9
      '@esbuild/linux-ia32': 0.25.9
      '@esbuild/linux-loong64': 0.25.9
      '@esbuild/linux-mips64el': 0.25.9
      '@esbuild/linux-ppc64': 0.25.9
      '@esbuild/linux-riscv64': 0.25.9
      '@esbuild/linux-s390x': 0.25.9
      '@esbuild/linux-x64': 0.25.9
      '@esbuild/netbsd-arm64': 0.25.9
      '@esbuild/netbsd-x64': 0.25.9
      '@esbuild/openbsd-arm64': 0.25.9
      '@esbuild/openbsd-x64': 0.25.9
      '@esbuild/openharmony-arm64': 0.25.9
      '@esbuild/sunos-x64': 0.25.9
      '@esbuild/win32-arm64': 0.25.9
      '@esbuild/win32-ia32': 0.25.9
      '@esbuild/win32-x64': 0.25.9

  esm-env@1.2.2: {}

  esrap@2.1.0:
    dependencies:
      '@jridgewell/sourcemap-codec': 1.5.5

  estree-walker@2.0.2: {}

  event-source-polyfill@1.0.31: {}

  eventsource@2.0.2: {}

  fdir@6.5.0(picomatch@4.0.3):
    optionalDependencies:
      picomatch: 4.0.3

  file-uri-to-path@1.0.0: {}

  follow-redirects@1.15.11: {}

  foreground-child@3.3.1:
    dependencies:
      cross-spawn: 7.0.6
      signal-exit: 4.1.0

  fsevents@2.3.3:
    optional: true

  get-it@8.6.10:
    dependencies:
      '@types/follow-redirects': 1.14.4
      decompress-response: 7.0.0
      follow-redirects: 1.15.11
      is-retry-allowed: 2.2.0
      through2: 4.0.2
      tunnel-agent: 0.6.0
    transitivePeerDependencies:
      - debug

  glob@10.4.5:
    dependencies:
      foreground-child: 3.3.1
      jackspeak: 3.4.3
      minimatch: 9.0.5
      minipass: 7.1.2
      package-json-from-dist: 1.0.1
      path-scurry: 1.11.1

  graceful-fs@4.2.11: {}

  https-proxy-agent@7.0.6:
    dependencies:
      agent-base: 7.1.4
      debug: 4.4.1
    transitivePeerDependencies:
      - supports-color

  inherits@2.0.4: {}

  is-fullwidth-code-point@3.0.0: {}

  is-reference@3.0.3:
    dependencies:
      '@types/estree': 1.0.8

  is-retry-allowed@2.2.0: {}

  isexe@2.0.0: {}

  jackspeak@3.4.3:
    dependencies:
      '@isaacs/cliui': 8.0.2
    optionalDependencies:
      '@pkgjs/parseargs': 0.11.0

  jiti@2.5.1:
    optional: true

  kleur@4.1.5: {}

  locate-character@3.0.0: {}

  lru-cache@10.4.3: {}

  magic-string@0.30.18:
    dependencies:
      '@jridgewell/sourcemap-codec': 1.5.5

  mimic-response@3.1.0: {}

  minimatch@9.0.5:
    dependencies:
      brace-expansion: 2.0.2

  minipass@7.1.2: {}

  minizlib@3.0.2:
    dependencies:
      minipass: 7.1.2

  mkdirp@3.0.1: {}

  mri@1.2.0: {}

  mrmime@2.0.1: {}

  ms@2.1.3: {}

  nanoid@3.3.11: {}

  node-fetch@2.7.0:
    dependencies:
      whatwg-url: 5.0.0

  node-gyp-build@4.8.4: {}

  nodemailer@7.0.11: {}

  nopt@8.1.0:
    dependencies:
      abbrev: 3.0.1

  package-json-from-dist@1.0.1: {}

  path-key@3.1.1: {}

  path-scurry@1.11.1:
    dependencies:
      lru-cache: 10.4.3
      minipass: 7.1.2

  picocolors@1.1.1: {}

  picomatch@4.0.3: {}

  postcss@8.5.6:
    dependencies:
      nanoid: 3.3.11
      picocolors: 1.1.1
      source-map-js: 1.2.1

  readable-stream@3.6.2:
    dependencies:
      inherits: 2.0.4
      string_decoder: 1.3.0
      util-deprecate: 1.0.2

  resolve-from@5.0.0: {}

  rollup@4.48.0:
    dependencies:
      '@types/estree': 1.0.8
    optionalDependencies:
      '@rollup/rollup-android-arm-eabi': 4.48.0
      '@rollup/rollup-android-arm64': 4.48.0
      '@rollup/rollup-darwin-arm64': 4.48.0
      '@rollup/rollup-darwin-x64': 4.48.0
      '@rollup/rollup-freebsd-arm64': 4.48.0
      '@rollup/rollup-freebsd-x64': 4.48.0
      '@rollup/rollup-linux-arm-gnueabihf': 4.48.0
      '@rollup/rollup-linux-arm-musleabihf': 4.48.0
      '@rollup/rollup-linux-arm64-gnu': 4.48.0
      '@rollup/rollup-linux-arm64-musl': 4.48.0
      '@rollup/rollup-linux-loongarch64-gnu': 4.48.0
      '@rollup/rollup-linux-ppc64-gnu': 4.48.0
      '@rollup/rollup-linux-riscv64-gnu': 4.48.0
      '@rollup/rollup-linux-riscv64-musl': 4.48.0
      '@rollup/rollup-linux-s390x-gnu': 4.48.0
      '@rollup/rollup-linux-x64-gnu': 4.48.0
      '@rollup/rollup-linux-x64-musl': 4.48.0
      '@rollup/rollup-win32-arm64-msvc': 4.48.0
      '@rollup/rollup-win32-ia32-msvc': 4.48.0
      '@rollup/rollup-win32-x64-msvc': 4.48.0
      fsevents: 2.3.3

  rxjs@7.8.2:
    dependencies:
      tslib: 2.8.1

  sade@1.8.1:
    dependencies:
      mri: 1.2.0

  safe-buffer@5.2.1: {}

  schema-dts@1.1.5: {}

  semver@7.7.2: {}

  set-cookie-parser@2.7.1: {}

  shebang-command@2.0.0:
    dependencies:
      shebang-regex: 3.0.0

  shebang-regex@3.0.0: {}

  signal-exit@4.1.0: {}

  sirv@3.0.1:
    dependencies:
      '@polka/url': 1.0.0-next.29
      mrmime: 2.0.1
      totalist: 3.0.1

  source-map-js@1.2.1: {}

  string-width@4.2.3:
    dependencies:
      emoji-regex: 8.0.0
      is-fullwidth-code-point: 3.0.0
      strip-ansi: 6.0.1

  string-width@5.1.2:
    dependencies:
      eastasianwidth: 0.2.0
      emoji-regex: 9.2.2
      strip-ansi: 7.1.2

  string_decoder@1.3.0:
    dependencies:
      safe-buffer: 5.2.1

  strip-ansi@6.0.1:
    dependencies:
      ansi-regex: 5.0.1

  strip-ansi@7.1.2:
    dependencies:
      ansi-regex: 6.2.2

  svelte-meta-tags@4.5.0(svelte@5.38.3):
    dependencies:
      schema-dts: 1.1.5
      svelte: 5.38.3

  svelte@5.38.3:
    dependencies:
      '@jridgewell/remapping': 2.3.5
      '@jridgewell/sourcemap-codec': 1.5.5
      '@sveltejs/acorn-typescript': 1.0.5(acorn@8.15.0)
      '@types/estree': 1.0.8
      acorn: 8.15.0
      aria-query: 5.3.2
      axobject-query: 4.1.0
      clsx: 2.1.1
      esm-env: 1.2.2
      esrap: 2.1.0
      is-reference: 3.0.3
      locate-character: 3.0.0
      magic-string: 0.30.18
      zimmerframe: 1.1.2

  tar@7.4.3:
    dependencies:
      '@isaacs/fs-minipass': 4.0.1
      chownr: 3.0.0
      minipass: 7.1.2
      minizlib: 3.0.2
      mkdirp: 3.0.1
      yallist: 5.0.0

  through2@4.0.2:
    dependencies:
      readable-stream: 3.6.2

  tinyglobby@0.2.14:
    dependencies:
      fdir: 6.5.0(picomatch@4.0.3)
      picomatch: 4.0.3

  totalist@3.0.1: {}

  tr46@0.0.3: {}

  tslib@2.8.1: {}

  tunnel-agent@0.6.0:
    dependencies:
      safe-buffer: 5.2.1

  undici-types@7.10.0: {}

  util-deprecate@1.0.2: {}

  vite@7.1.3(@types/node@24.3.0)(jiti@2.5.1)(yaml@2.8.1):
    dependencies:
      esbuild: 0.25.9
      fdir: 6.5.0(picomatch@4.0.3)
      picomatch: 4.0.3
      postcss: 8.5.6
      rollup: 4.48.0
      tinyglobby: 0.2.14
    optionalDependencies:
      '@types/node': 24.3.0
      fsevents: 2.3.3
      jiti: 2.5.1
      yaml: 2.8.1

  vitefu@1.1.1(vite@7.1.3(@types/node@24.3.0)(jiti@2.5.1)(yaml@2.8.1)):
    optionalDependencies:
      vite: 7.1.3(@types/node@24.3.0)(jiti@2.5.1)(yaml@2.8.1)

  webidl-conversions@3.0.1: {}

  whatwg-url@5.0.0:
    dependencies:
      tr46: 0.0.3
      webidl-conversions: 3.0.1

  which@2.0.2:
    dependencies:
      isexe: 2.0.0

  wrap-ansi@7.0.0:
    dependencies:
      ansi-styles: 4.3.0
      string-width: 4.2.3
      strip-ansi: 6.0.1

  wrap-ansi@8.1.0:
    dependencies:
      ansi-styles: 6.2.3
      string-width: 5.1.2
      strip-ansi: 7.1.2

  yallist@5.0.0: {}

  yaml@2.8.1:
    optional: true

  zimmerframe@1.1.2: {}